
Microsoft Visual Studio Solution File, Format Version 12.00
# Visual Studio Version 16
VisualStudioVersion = 16.0.30517.126
MinimumVisualStudioVersion = 10.0.40219.1
Project("{FAE04EC0-301F-11D3-BF4B-00C04F79EFBC}") = "ArduinoTalk", "ArduinoTalk\ArduinoTalk.csproj", "{96457F59-8CCF-4120-947E-9C11F31F80D3}"
EndProject
Global
	GlobalSection(SolutionConfigurationPlatforms) = preSolution
		Debug|Any CPU = Debug|Any CPU
		Release|Any CPU = Release|Any CPU
	EndGlobalSection
	GlobalSection(ProjectConfigurationPlatforms) = postSolution
		{96457F59-8CCF-4120-947E-9C11F31F80D3}.Debug|Any CPU.ActiveCfg = Debug|Any CPU
		{96457F59-8CCF-4120-947E-9C11F31F80D3}.Debug|Any CPU.Build.0 = Debug|Any CPU
		{96457F59-8CCF-4120-947E-9C11F31F80D3}.Release|Any CPU.ActiveCfg = Release|Any CPU
		{96457F59-8CCF-4120-947E-9C11F31F80D3}.Release|Any CPU.Build.0 = Release|Any CPU
	EndGlobalSection
	GlobalSection(SolutionProperties) = preSolution
		HideSolutionNode = FALSE
	EndGlobalSection
	GlobalSection(ExtensibilityGlobals) = postSolution
		SolutionGuid = {9C3A618A-414C-4BAB-B186-0538CEAFB1A6}
	EndGlobalSection
EndGlobal
